
Microsoft Visual Studio Solution File, Format Version 12.00
# Visual Studio 15
VisualStudioVersion = 15.0.28307.1800
MinimumVisualStudioVersion = 10.0.40219.1
Project("{FAE04EC0-301F-11D3-BF4B-00C04F79EFBC}") = "eUseControl", "eUseControl.Web\eUseControl.csproj", "{9BC7CC9C-7E66-481E-827E-2CA20269BDA6}"
EndProject
Project("{FAE04EC0-301F-11D3-BF4B-00C04F79EFBC}") = "eUseControl.BussinesLogic", "eUseControl.BusinessLogic\eUseControl.BussinesLogic.csproj", "{3AED86F9-674C-40AF-BD89-BDABF31ADA72}"
EndProject
Project("{FAE04EC0-301F-11D3-BF4B-00C04F79EFBC}") = "eUseControl.Domain", "eUseControl.Domain\eUseControl.Domain.csproj", "{5ABD547F-9E31-4CD1-B32A-7F491F48DD1A}"
EndProject
Project("{FAE04EC0-301F-11D3-BF4B-00C04F79EFBC}") = "eUseControl.Helpers", "eUseControl.Helpers\eUseControl.Helpers.csproj", "{97775D73-1839-433F-BA42-ACEACC3A9FDF}"
EndProject
Project("{FAE04EC0-301F-11D3-BF4B-00C04F79EFBC}") = "eUseControlTests1", "eUseControlTests1\eUseControlTests1.csproj", "{686CF890-60E8-49C4-BAB0-C10D8C8E33CA}"
EndProject
Global
	GlobalSection(SolutionConfigurationPlatforms) = preSolution
		Debug|Any CPU = Debug|Any CPU
		Release|Any CPU = Release|Any CPU
	EndGlobalSection
	GlobalSection(ProjectConfigurationPlatforms) = postSolution
		{9BC7CC9C-7E66-481E-827E-2CA20269BDA6}.Debug|Any CPU.ActiveCfg = Debug|Any CPU
		{9BC7CC9C-7E66-481E-827E-2CA20269BDA6}.Debug|Any CPU.Build.0 = Debug|Any CPU
		{9BC7CC9C-7E66-481E-827E-2CA20269BDA6}.Release|Any CPU.ActiveCfg = Release|Any CPU
		{9BC7CC9C-7E66-481E-827E-2CA20269BDA6}.Release|Any CPU.Build.0 = Release|Any CPU
		{3AED86F9-674C-40AF-BD89-BDABF31ADA72}.Debug|Any CPU.ActiveCfg = Debug|Any CPU
		{3AED86F9-674C-40AF-BD89-BDABF31ADA72}.Debug|Any CPU.Build.0 = Debug|Any CPU
		{3AED86F9-674C-40AF-BD89-BDABF31ADA72}.Release|Any CPU.ActiveCfg = Release|Any CPU
		{3AED86F9-674C-40AF-BD89-BDABF31ADA72}.Release|Any CPU.Build.0 = Release|Any CPU
		{5ABD547F-9E31-4CD1-B32A-7F491F48DD1A}.Debug|Any CPU.ActiveCfg = Debug|Any CPU
		{5ABD547F-9E31-4CD1-B32A-7F491F48DD1A}.Debug|Any CPU.Build.0 = Debug|Any CPU
		{5ABD547F-9E31-4CD1-B32A-7F491F48DD1A}.Release|Any CPU.ActiveCfg = Release|Any CPU
		{5ABD547F-9E31-4CD1-B32A-7F491F48DD1A}.Release|Any CPU.Build.0 = Release|Any CPU
		{97775D73-1839-433F-BA42-ACEACC3A9FDF}.Debug|Any CPU.ActiveCfg = Debug|Any CPU
		{97775D73-1839-433F-BA42-ACEACC3A9FDF}.Debug|Any CPU.Build.0 = Debug|Any CPU
		{97775D73-1839-433F-BA42-ACEACC3A9FDF}.Release|Any CPU.ActiveCfg = Release|Any CPU
		{97775D73-1839-433F-BA42-ACEACC3A9FDF}.Release|Any CPU.Build.0 = Release|Any CPU
		{686CF890-60E8-49C4-BAB0-C10D8C8E33CA}.Debug|Any CPU.ActiveCfg = Debug|Any CPU
		{686CF890-60E8-49C4-BAB0-C10D8C8E33CA}.Debug|Any CPU.Build.0 = Debug|Any CPU
		{686CF890-60E8-49C4-BAB0-C10D8C8E33CA}.Release|Any CPU.ActiveCfg = Release|Any CPU
		{686CF890-60E8-49C4-BAB0-C10D8C8E33CA}.Release|Any CPU.Build.0 = Release|Any CPU
	EndGlobalSection
	GlobalSection(SolutionProperties) = preSolution
		HideSolutionNode = FALSE
	EndGlobalSection
	GlobalSection(ExtensibilityGlobals) = postSolution
		SolutionGuid = {3A9BB12A-E462-4C36-A66C-B207C49A904E}
	EndGlobalSection
EndGlobal
